// !$*UTF8*$!
{
	archiveVersion = 1;
	classes = {
	};
	objectVersion = 46;
	objects = {

/* Begin PBXBuildFile section */
		010445601BB9F50600F8CDAE /* Meme.swift in Sources */ = {isa = PBXBuildFile; fileRef = 0104455F1BB9F50600F8CDAE /* Meme.swift */; settings = {ASSET_TAGS = (); }; };
		0144A3021BB9B274007BA0AB /* TextFieldDelegate.swift in Sources */ = {isa = PBXBuildFile; fileRef = 0144A3011BB9B274007BA0AB /* TextFieldDelegate.swift */; settings = {ASSET_TAGS = (); }; };
		0168D4E41BB8F25000F16BC9 /* AppDelegate.swift in Sources */ = {isa = PBXBuildFile; fileRef = 0168D4E31BB8F25000F16BC9 /* AppDelegate.swift */; };
		0168D4E61BB8F25000F16BC9 /* MemeEditorViewController.swift in Sources */ = {isa = PBXBuildFile; fileRef = 0168D4E51BB8F25000F16BC9 /* MemeEditorViewController.swift */; };
		0168D4E91BB8F25000F16BC9 /* Main.storyboard in Resources */ = {isa = PBXBuildFile; fileRef = 0168D4E71BB8F25000F16BC9 /* Main.storyboard */; };
		0168D4EB1BB8F25000F16BC9 /* Assets.xcassets in Resources */ = {isa = PBXBuildFile; fileRef = 0168D4EA1BB8F25000F16BC9 /* Assets.xcassets */; };
		0168D4EE1BB8F25000F16BC9 /* LaunchScreen.storyboard in Resources */ = {isa = PBXBuildFile; fileRef = 0168D4EC1BB8F25000F16BC9 /* LaunchScreen.storyboard */; };
		0168D4F91BB8F25000F16BC9 /* Meme_MeTests.swift in Sources */ = {isa = PBXBuildFile; fileRef = 0168D4F81BB8F25000F16BC9 /* Meme_MeTests.swift */; };
		0168D5041BB8F25000F16BC9 /* Meme_MeUITests.swift in Sources */ = {isa = PBXBuildFile; fileRef = 0168D5031BB8F25000F16BC9 /* Meme_MeUITests.swift */; };
/* End PBXBuildFile section */

/* Begin PBXContainerItemProxy section */
		0168D4F51BB8F25000F16BC9 /* PBXContainerItemProxy */ = {
			isa = PBXContainerItemProxy;
			containerPortal = 0168D4D81BB8F25000F16BC9 /* Project object */;
			proxyType = 1;
			remoteGlobalIDString = 0168D4DF1BB8F25000F16BC9;
			remoteInfo = "Meme Me";
		};
		0168D5001BB8F25000F16BC9 /* PBXContainerItemProxy */ = {
			isa = PBXContainerItemProxy;
			containerPortal = 0168D4D81BB8F25000F16BC9 /* Project object */;
			proxyType = 1;
			remoteGlobalIDString = 0168D4DF1BB8F25000F16BC9;
			remoteInfo = "Meme Me";
		};
/* End PBXContainerItemProxy section */

/* Begin PBXFileReference section */
		0104455F1BB9F50600F8CDAE /* Meme.swift */ = {isa = PBXFileReference; fileEncoding = 4; lastKnownFileType = sourcecode.swift; path = Meme.swift; sourceTree = "<group>"; };
		0144A3011BB9B274007BA0AB /* TextFieldDelegate.swift */ = {isa = PBXFileReference; fileEncoding = 4; lastKnownFileType = sourcecode.swift; path = TextFieldDelegate.swift; sourceTree = "<group>"; };
		0168D4E01BB8F25000F16BC9 /* Meme Me.app */ = {isa = PBXFileReference; explicitFileType = wrapper.application; includeInIndex = 0; path = "Meme Me.app"; sourceTree = BUILT_PRODUCTS_DIR; };
		0168D4E31BB8F25000F16BC9 /* AppDelegate.swift */ = {isa = PBXFileReference; lastKnownFileType = sourcecode.swift; path = AppDelegate.swift; sourceTree = "<group>"; };
		0168D4E51BB8F25000F16BC9 /* MemeEditorViewController.swift */ = {isa = PBXFileReference; lastKnownFileType = sourcecode.swift; path = MemeEditorViewController.swift; sourceTree = "<group>"; };
		0168D4E81BB8F25000F16BC9 /* Base */ = {isa = PBXFileReference; lastKnownFileType = file.storyboard; name = Base; path = Base.lproj/Main.storyboard; sourceTree = "<group>"; };
		0168D4EA1BB8F25000F16BC9 /* Assets.xcassets */ = {isa = PBXFileReference; lastKnownFileType = folder.assetcatalog; path = Assets.xcassets; sourceTree = "<group>"; };
		0168D4ED1BB8F25000F16BC9 /* Base */ = {isa = PBXFileReference; lastKnownFileType = file.storyboard; name = Base; path = Base.lproj/LaunchScreen.storyboard; sourceTree = "<group>"; };
		0168D4EF1BB8F25000F16BC9 /* Info.plist */ = {isa = PBXFileReference; lastKnownFileType = text.plist.xml; path = Info.plist; sourceTree = "<group>"; };
		0168D4F41BB8F25000F16BC9 /* Meme MeTests.xctest */ = {isa = PBXFileReference; explicitFileType = wrapper.cfbundle; includeInIndex = 0; path = "Meme MeTests.xctest"; sourceTree = BUILT_PRODUCTS_DIR; };
		0168D4F81BB8F25000F16BC9 /* Meme_MeTests.swift */ = {isa = PBXFileReference; lastKnownFileType = sourcecode.swift; path = Meme_MeTests.swift; sourceTree = "<group>"; };
		0168D4FA1BB8F25000F16BC9 /* Info.plist */ = {isa = PBXFileReference; lastKnownFileType = text.plist.xml; path = Info.plist; sourceTree = "<group>"; };
		0168D4FF1BB8F25000F16BC9 /* Meme MeUITests.xctest */ = {isa = PBXFileReference; explicitFileType = wrapper.cfbundle; includeInIndex = 0; path = "Meme MeUITests.xctest"; sourceTree = BUILT_PRODUCTS_DIR; };
		0168D5031BB8F25000F16BC9 /* Meme_MeUITests.swift */ = {isa = PBXFileReference; lastKnownFileType = sourcecode.swift; path = Meme_MeUITests.swift; sourceTree = "<group>"; };
		0168D5051BB8F25000F16BC9 /* Info.plist */ = {isa = PBXFileReference; lastKnownFileType = text.plist.xml; path = Info.plist; sourceTree = "<group>"; };
/* End PBXFileReference section */

/* Begin PBXFrameworksBuildPhase section */
		0168D4DD1BB8F25000F16BC9 /* Frameworks */ = {
			isa = PBXFrameworksBuildPhase;
			buildActionMask = 2147483647;
			files = (
			);
			runOnlyForDeploymentPostprocessing = 0;
		};
		0168D4F11BB8F25000F16BC9 /* Frameworks */ = {
			isa = PBXFrameworksBuildPhase;
			buildActionMask = 2147483647;
			files = (
			);
			runOnlyForDeploymentPostprocessing = 0;
		};
		0168D4FC1BB8F25000F16BC9 /* Frameworks */ = {
			isa = PBXFrameworksBuildPhase;
			buildActionMask = 2147483647;
			files = (
			);
			runOnlyForDeploymentPostprocessing = 0;
		};
/* End PBXFrameworksBuildPhase section */

/* Begin PBXGroup section */
		0168D4D71BB8F25000F16BC9 = {
			isa = PBXGroup;
			children = (
				0168D4E21BB8F25000F16BC9 /* Meme Me */,
				0168D4F71BB8F25000F16BC9 /* Meme MeTests */,
				0168D5021BB8F25000F16BC9 /* Meme MeUITests */,
				0168D4E11BB8F25000F16BC9 /* Products */,
			);
			sourceTree = "<group>";
		};
		0168D4E11BB8F25000F16BC9 /* Products */ = {
			isa = PBXGroup;
			children = (
				0168D4E01BB8F25000F16BC9 /* Meme Me.app */,
				0168D4F41BB8F25000F16BC9 /* Meme MeTests.xctest */,
				0168D4FF1BB8F25000F16BC9 /* Meme MeUITests.xctest */,
			);
			name = Products;
			sourceTree = "<group>";
		};
		0168D4E21BB8F25000F16BC9 /* Meme Me */ = {
			isa = PBXGroup;
			children = (
				0168D4E31BB8F25000F16BC9 /* AppDelegate.swift */,
				0168D4E51BB8F25000F16BC9 /* MemeEditorViewController.swift */,
				0144A3011BB9B274007BA0AB /* TextFieldDelegate.swift */,
				0168D4E71BB8F25000F16BC9 /* Main.storyboard */,
				0168D4EA1BB8F25000F16BC9 /* Assets.xcassets */,
				0168D4EC1BB8F25000F16BC9 /* LaunchScreen.storyboard */,
				0168D4EF1BB8F25000F16BC9 /* Info.plist */,
				0104455F1BB9F50600F8CDAE /* Meme.swift */,
			);
			path = "Meme Me";
			sourceTree = "<group>";
		};
		0168D4F71BB8F25000F16BC9 /* Meme MeTests */ = {
			isa = PBXGroup;
			children = (
				0168D4F81BB8F25000F16BC9 /* Meme_MeTests.swift */,
				0168D4FA1BB8F25000F16BC9 /* Info.plist */,
			);
			path = "Meme MeTests";
			sourceTree = "<group>";
		};
		0168D5021BB8F25000F16BC9 /* Meme MeUITests */ = {
			isa = PBXGroup;
			children = (
				0168D5031BB8F25000F16BC9 /* Meme_MeUITests.swift */,
				0168D5051BB8F25000F16BC9 /* Info.plist */,
			);
			path = "Meme MeUITests";
			sourceTree = "<group>";
		};
/* End PBXGroup section */

/* Begin PBXNativeTarget section */
		0168D4DF1BB8F25000F16BC9 /* Meme Me */ = {
			isa = PBXNativeTarget;
			buildConfigurationList = 0168D5081BB8F25000F16BC9 /* Build configuration list for PBXNativeTarget "Meme Me" */;
			buildPhases = (
				0168D4DC1BB8F25000F16BC9 /* Sources */,
				0168D4DD1BB8F25000F16BC9 /* Frameworks */,
				0168D4DE1BB8F25000F16BC9 /* Resources */,
			);
			buildRules = (
			);
			dependencies = (
			);
			name = "Meme Me";
			productName = "Meme Me";
			productReference = 0168D4E01BB8F25000F16BC9 /* Meme Me.app */;
			productType = "com.apple.product-type.application";
		};
		0168D4F31BB8F25000F16BC9 /* Meme MeTests */ = {
			isa = PBXNativeTarget;
			buildConfigurationList = 0168D50B1BB8F25000F16BC9 /* Build configuration list for PBXNativeTarget "Meme MeTests" */;
			buildPhases = (
				0168D4F01BB8F25000F16BC9 /* Sources */,
				0168D4F11BB8F25000F16BC9 /* Frameworks */,
				0168D4F21BB8F25000F16BC9 /* Resources */,
			);
			buildRules = (
			);
			dependencies = (
				0168D4F61BB8F25000F16BC9 /* PBXTargetDependency */,
			);
			name = "Meme MeTests";
			productName = "Meme MeTests";
			productReference = 0168D4F41BB8F25000F16BC9 /* Meme MeTests.xctest */;
			productType = "com.apple.product-type.bundle.unit-test";
		};
		0168D4FE1BB8F25000F16BC9 /* Meme MeUITests */ = {
			isa = PBXNativeTarget;
			buildConfigurationList = 0168D50E1BB8F25000F16BC9 /* Build configuration list for PBXNativeTarget "Meme MeUITests" */;
			buildPhases = (
				0168D4FB1BB8F25000F16BC9 /* Sources */,
				0168D4FC1BB8F25000F16BC9 /* Frameworks */,
				0168D4FD1BB8F25000F16BC9 /* Resources */,
			);
			buildRules = (
			);
			dependencies = (
				0168D5011BB8F25000F16BC9 /* PBXTargetDependency */,
			);
			name = "Meme MeUITests";
			productName = "Meme MeUITests";
			productReference = 0168D4FF1BB8F25000F16BC9 /* Meme MeUITests.xctest */;
			productType = "com.apple.product-type.bundle.ui-testing";
		};
/* End PBXNativeTarget section */

/* Begin PBXProject section */
		0168D4D81BB8F25000F16BC9 /* Project object */ = {
			isa = PBXProject;
			attributes = {
				LastUpgradeCheck = 0700;
				ORGANIZATIONNAME = "Ying Xiong";
				TargetAttributes = {
					0168D4DF1BB8F25000F16BC9 = {
						CreatedOnToolsVersion = 7.0;
						DevelopmentTeam = 67877F2W4N;
					};
					0168D4F31BB8F25000F16BC9 = {
						CreatedOnToolsVersion = 7.0;
						DevelopmentTeam = 67877F2W4N;
						TestTargetID = 0168D4DF1BB8F25000F16BC9;
					};
					0168D4FE1BB8F25000F16BC9 = {
						CreatedOnToolsVersion = 7.0;
						DevelopmentTeam = 67877F2W4N;
						TestTargetID = 0168D4DF1BB8F25000F16BC9;
					};
				};
			};
			buildConfigurationList = 0168D4DB1BB8F25000F16BC9 /* Build configuration list for PBXProject "Meme Me" */;
			compatibilityVersion = "Xcode 3.2";
			developmentRegion = English;
			hasScannedForEncodings = 0;
			knownRegions = (
				en,
				Base,
			);
			mainGroup = 0168D4D71BB8F25000F16BC9;
			productRefGroup = 0168D4E11BB8F25000F16BC9 /* Products */;
			projectDirPath = "";
			projectRoot = "";
			targets = (
				0168D4DF1BB8F25000F16BC9 /* Meme Me */,
				0168D4F31BB8F25000F16BC9 /* Meme MeTests */,
				0168D4FE1BB8F25000F16BC9 /* Meme MeUITests */,
			);
		};
/* End PBXProject section */

/* Begin PBXResourcesBuildPhase section */
		0168D4DE1BB8F25000F16BC9 /* Resources */ = {
			isa = PBXResourcesBuildPhase;
			buildActionMask = 2147483647;
			files = (
				0168D4EE1BB8F25000F16BC9 /* LaunchScreen.storyboard in Resources */,
				0168D4EB1BB8F25000F16BC9 /* Assets.xcassets in Resources */,
				0168D4E91BB8F25000F16BC9 /* Main.storyboard in Resources */,
			);
			runOnlyForDeploymentPostprocessing = 0;
		};
		0168D4F21BB8F25000F16BC9 /* Resources */ = {
			isa = PBXResourcesBuildPhase;
			buildActionMask = 2147483647;
			files = (
			);
			runOnlyForDeploymentPostprocessing = 0;
		};
		0168D4FD1BB8F25000F16BC9 /* Resources */ = {
			isa = PBXResourcesBuildPhase;
			buildActionMask = 2147483647;
			files = (
			);
			runOnlyForDeploymentPostprocessing = 0;
		};
/* End PBXResourcesBuildPhase section */

/* Begin PBXSourcesBuildPhase section */
		0168D4DC1BB8F25000F16BC9 /* Sources */ = {
			isa = PBXSourcesBuildPhase;
			buildActionMask = 2147483647;
			files = (
				0168D4E61BB8F25000F16BC9 /* MemeEditorViewController.swift in Sources */,
				010445601BB9F50600F8CDAE /* Meme.swift in Sources */,
				0168D4E41BB8F25000F16BC9 /* AppDelegate.swift in Sources */,
				0144A3021BB9B274007BA0AB /* TextFieldDelegate.swift in Sources */,
			);
			runOnlyForDeploymentPostprocessing = 0;
		};
		0168D4F01BB8F25000F16BC9 /* Sources */ = {
			isa = PBXSourcesBuildPhase;
			buildActionMask = 2147483647;
			files = (
				0168D4F91BB8F25000F16BC9 /* Meme_MeTests.swift in Sources */,
			);
			runOnlyForDeploymentPostprocessing = 0;
		};
		0168D4FB1BB8F25000F16BC9 /* Sources */ = {
			isa = PBXSourcesBuildPhase;
			buildActionMask = 2147483647;
			files = (
				0168D5041BB8F25000F16BC9 /* Meme_MeUITests.swift in Sources */,
			);
			runOnlyForDeploymentPostprocessing = 0;
		};
/* End PBXSourcesBuildPhase section */

/* Begin PBXTargetDependency section */
		0168D4F61BB8F25000F16BC9 /* PBXTargetDependency */ = {
			isa = PBXTargetDependency;
			target = 0168D4DF1BB8F25000F16BC9 /* Meme Me */;
			targetProxy = 0168D4F51BB8F25000F16BC9 /* PBXContainerItemProxy */;
		};
		0168D5011BB8F25000F16BC9 /* PBXTargetDependency */ = {
			isa = PBXTargetDependency;
			target = 0168D4DF1BB8F25000F16BC9 /* Meme Me */;
			targetProxy = 0168D5001BB8F25000F16BC9 /* PBXContainerItemProxy */;
		};
/* End PBXTargetDependency section */

/* Begin PBXVariantGroup section */
		0168D4E71BB8F25000F16BC9 /* Main.storyboard */ = {
			isa = PBXVariantGroup;
			children = (
				0168D4E81BB8F25000F16BC9 /* Base */,
			);
			name = Main.storyboard;
			sourceTree = "<group>";
		};
		0168D4EC1BB8F25000F16BC9 /* LaunchScreen.storyboard */ = {
			isa = PBXVariantGroup;
			children = (
				0168D4ED1BB8F25000F16BC9 /* Base */,
			);
			name = LaunchScreen.storyboard;
			sourceTree = "<group>";
		};
/* End PBXVariantGroup section */

/* Begin XCBuildConfiguration section */
		0168D5061BB8F25000F16BC9 /* Debug */ = {
			isa = XCBuildConfiguration;
			buildSettings = {
				ALWAYS_SEARCH_USER_PATHS = NO;
				CLANG_CXX_LANGUAGE_STANDARD = "gnu++0x";
				CLANG_CXX_LIBRARY = "libc++";
				CLANG_ENABLE_MODULES = YES;
				CLANG_ENABLE_OBJC_ARC = YES;
				CLANG_WARN_BOOL_CONVERSION = YES;
				CLANG_WARN_CONSTANT_CONVERSION = YES;
				CLANG_WARN_DIRECT_OBJC_ISA_USAGE = YES_ERROR;
				CLANG_WARN_EMPTY_BODY = YES;
				CLANG_WARN_ENUM_CONVERSION = YES;
				CLANG_WARN_INT_CONVERSION = YES;
				CLANG_WARN_OBJC_ROOT_CLASS = YES_ERROR;
				CLANG_WARN_UNREACHABLE_CODE = YES;
				CLANG_WARN__DUPLICATE_METHOD_MATCH = YES;
				"CODE_SIGN_IDENTITY[sdk=iphoneos*]" = "iPhone Developer";
				COPY_PHASE_STRIP = NO;
				DEBUG_INFORMATION_FORMAT = dwarf;
				ENABLE_STRICT_OBJC_MSGSEND = YES;
				ENABLE_TESTABILITY = YES;
				GCC_C_LANGUAGE_STANDARD = gnu99;
				GCC_DYNAMIC_NO_PIC = NO;
				GCC_NO_COMMON_BLOCKS = YES;
				GCC_OPTIMIZATION_LEVEL = 0;
				GCC_PREPROCESSOR_DEFINITIONS = (
					"DEBUG=1",
					"$(inherited)",
				);
				GCC_WARN_64_TO_32_BIT_CONVERSION = YES;
				GCC_WARN_ABOUT_RETURN_TYPE = YES_ERROR;
				GCC_WARN_UNDECLARED_SELECTOR = YES;
				GCC_WARN_UNINITIALIZED_AUTOS = YES_AGGRESSIVE;
				GCC_WARN_UNUSED_FUNCTION = YES;
				GCC_WARN_UNUSED_VARIABLE = YES;
				IPHONEOS_DEPLOYMENT_TARGET = 9.0;
				MTL_ENABLE_DEBUG_INFO = YES;
				ONLY_ACTIVE_ARCH = YES;
				SDKROOT = iphoneos;
				SWIFT_OPTIMIZATION_LEVEL = "-Onone";
			};
			name = Debug;
		};
		0168D5071BB8F25000F16BC9 /* Release */ = {
			isa = XCBuildConfiguration;
			buildSettings = {
				ALWAYS_SEARCH_USER_PATHS = NO;
				CLANG_CXX_LANGUAGE_STANDARD = "gnu++0x";
				CLANG_CXX_LIBRARY = "libc++";
				CLANG_ENABLE_MODULES = YES;
				CLANG_ENABLE_OBJC_ARC = YES;
				CLANG_WARN_BOOL_CONVERSION = YES;
				CLANG_WARN_CONSTANT_CONVERSION = YES;
				CLANG_WARN_DIRECT_OBJC_ISA_USAGE = YES_ERROR;
				CLANG_WARN_EMPTY_BODY = YES;
				CLANG_WARN_ENUM_CONVERSION = YES;
				CLANG_WARN_INT_CONVERSION = YES;
				CLANG_WARN_OBJC_ROOT_CLASS = YES_ERROR;
				CLANG_WARN_UNREACHABLE_CODE = YES;
				CLANG_WARN__DUPLICATE_METHOD_MATCH = YES;
				"CODE_SIGN_IDENTITY[sdk=iphoneos*]" = "iPhone Developer";
				COPY_PHASE_STRIP = NO;
				DEBUG_INFORMATION_FORMAT = "dwarf-with-dsym";
				ENABLE_NS_ASSERTIONS = NO;
				ENABLE_STRICT_OBJC_MSGSEND = YES;
				GCC_C_LANGUAGE_STANDARD = gnu99;
				GCC_NO_COMMON_BLOCKS = YES;
				GCC_WARN_64_TO_32_BIT_CONVERSION = YES;
				GCC_WARN_ABOUT_RETURN_TYPE = YES_ERROR;
				GCC_WARN_UNDECLARED_SELECTOR = YES;
				GCC_WARN_UNINITIALIZED_AUTOS = YES_AGGRESSIVE;
				GCC_WARN_UNUSED_FUNCTION = YES;
				GCC_WARN_UNUSED_VARIABLE = YES;
				IPHONEOS_DEPLOYMENT_TARGET = 9.0;
				MTL_ENABLE_DEBUG_INFO = NO;
				SDKROOT = iphoneos;
				VALIDATE_PRODUCT = YES;
			};
			name = Release;
		};
		0168D5091BB8F25000F16BC9 /* Debug */ = {
			isa = XCBuildConfiguration;
			buildSettings = {
				ASSETCATALOG_COMPILER_APPICON_NAME = AppIcon;
				CODE_SIGN_IDENTITY = "iPhone Developer";
				INFOPLIST_FILE = "Meme Me/Info.plist";
				LD_RUNPATH_SEARCH_PATHS = "$(inherited) @executable_path/Frameworks";
				PRODUCT_BUNDLE_IDENTIFIER = "org.xiongs.ying.Meme-Me";
				PRODUCT_NAME = "$(TARGET_NAME)";
			};
			name = Debug;
		};
		0168D50A1BB8F25000F16BC9 /* Release */ = {
			isa = XCBuildConfiguration;
			buildSettings = {
				ASSETCATALOG_COMPILER_APPICON_NAME = AppIcon;
				CODE_SIGN_IDENTITY = "iPhone Developer";
				INFOPLIST_FILE = "Meme Me/Info.plist";
				LD_RUNPATH_SEARCH_PATHS = "$(inherited) @executable_path/Frameworks";
				PRODUCT_BUNDLE_IDENTIFIER = "org.xiongs.ying.Meme-Me";
				PRODUCT_NAME = "$(TARGET_NAME)";
			};
			name = Release;
		};
		0168D50C1BB8F25000F16BC9 /* Debug */ = {
			isa = XCBuildConfiguration;
			buildSettings = {
				BUNDLE_LOADER = "$(TEST_HOST)";
				INFOPLIST_FILE = "Meme MeTests/Info.plist";
				LD_RUNPATH_SEARCH_PATHS = "$(inherited) @executable_path/Frameworks @loader_path/Frameworks";
				PRODUCT_BUNDLE_IDENTIFIER = "org.xiongs.ying.Meme-MeTests";
				PRODUCT_NAME = "$(TARGET_NAME)";
				TEST_HOST = "$(BUILT_PRODUCTS_DIR)/Meme Me.app/Meme Me";
			};
			name = Debug;
		};
		0168D50D1BB8F25000F16BC9 /* Release */ = {
			isa = XCBuildConfiguration;
			buildSettings = {
				BUNDLE_LOADER = "$(TEST_HOST)";
				INFOPLIST_FILE = "Meme MeTests/Info.plist";
				LD_RUNPATH_SEARCH_PATHS = "$(inherited) @executable_path/Frameworks @loader_path/Frameworks";
				PRODUCT_BUNDLE_IDENTIFIER = "org.xiongs.ying.Meme-MeTests";
				PRODUCT_NAME = "$(TARGET_NAME)";
				TEST_HOST = "$(BUILT_PRODUCTS_DIR)/Meme Me.app/Meme Me";
			};
			name = Release;
		};
		0168D50F1BB8F25000F16BC9 /* Debug */ = {
			isa = XCBuildConfiguration;
			buildSettings = {
				INFOPLIST_FILE = "Meme MeUITests/Info.plist";
				LD_RUNPATH_SEARCH_PATHS = "$(inherited) @executable_path/Frameworks @loader_path/Frameworks";
				PRODUCT_BUNDLE_IDENTIFIER = "org.xiongs.ying.Meme-MeUITests";
				PRODUCT_NAME = "$(TARGET_NAME)";
				TEST_TARGET_NAME = "Meme Me";
				USES_XCTRUNNER = YES;
			};
			name = Debug;
		};
		0168D5101BB8F25000F16BC9 /* Release */ = {
			isa = XCBuildConfiguration;
			buildSettings = {
				INFOPLIST_FILE = "Meme MeUITests/Info.plist";
				LD_RUNPATH_SEARCH_PATHS = "$(inherited) @executable_path/Frameworks @loader_path/Frameworks";
				PRODUCT_BUNDLE_IDENTIFIER = "org.xiongs.ying.Meme-MeUITests";
				PRODUCT_NAME = "$(TARGET_NAME)";
				TEST_TARGET_NAME = "Meme Me";
				USES_XCTRUNNER = YES;
			};
			name = Release;
		};
/* End XCBuildConfiguration section */

/* Begin XCConfigurationList section */
		0168D4DB1BB8F25000F16BC9 /* Build configuration list for PBXProject "Meme Me" */ = {
			isa = XCConfigurationList;
			buildConfigurations = (
				0168D5061BB8F25000F16BC9 /* Debug */,
				0168D5071BB8F25000F16BC9 /* Release */,
			);
			defaultConfigurationIsVisible = 0;
			defaultConfigurationName = Release;
		};
		0168D5081BB8F25000F16BC9 /* Build configuration list for PBXNativeTarget "Meme Me" */ = {
			isa = XCConfigurationList;
			buildConfigurations = (
				0168D5091BB8F25000F16BC9 /* Debug */,
				0168D50A1BB8F25000F16BC9 /* Release */,
			);
			defaultConfigurationIsVisible = 0;
			defaultConfigurationName = Release;
		};
		0168D50B1BB8F25000F16BC9 /* Build configuration list for PBXNativeTarget "Meme MeTests" */ = {
			isa = XCConfigurationList;
			buildConfigurations = (
				0168D50C1BB8F25000F16BC9 /* Debug */,
				0168D50D1BB8F25000F16BC9 /* Release */,
			);
			defaultConfigurationIsVisible = 0;
			defaultConfigurationName = Release;
		};
		0168D50E1BB8F25000F16BC9 /* Build configuration list for PBXNativeTarget "Meme MeUITests" */ = {
			isa = XCConfigurationList;
			buildConfigurations = (
				0168D50F1BB8F25000F16BC9 /* Debug */,
				0168D5101BB8F25000F16BC9 /* Release */,
			);
			defaultConfigurationIsVisible = 0;
			defaultConfigurationName = Release;
		};
/* End XCConfigurationList section */
	};
	rootObject = 0168D4D81BB8F25000F16BC9 /* Project object */;
}
